
Microsoft Visual Studio Solution File, Format Version 12.00
# Visual Studio 15
VisualStudioVersion = 15.0.27004.2002
MinimumVisualStudioVersion = 10.0.40219.1
Project("{9A19103F-16F7-4668-BE54-9A1E7A4F7556}") = "UnitTests", "UnitTests\UnitTests.csproj", "{43A7ABD6-39FB-404D-81E3-39EB277EE9D4}"
EndProject
Project("{9A19103F-16F7-4668-BE54-9A1E7A4F7556}") = "WebService", "WebService\WebService.csproj", "{E76001ED-2C8B-433E-953E-EBD81EDFA9AF}"
EndProject
Project("{9A19103F-16F7-4668-BE54-9A1E7A4F7556}") = "DataService", "DataService\DataService.csproj", "{4088546A-26D3-4CFA-9BA7-DEEC73390531}"
EndProject
Project("{9A19103F-16F7-4668-BE54-9A1E7A4F7556}") = "WebService_Angular", "WebService_Angular\WebService_Angular.csproj", "{13A42063-2201-4123-9BA2-C861E31A2432}"
EndProject
Global
	GlobalSection(SolutionConfigurationPlatforms) = preSolution
		Debug|Any CPU = Debug|Any CPU
		Release|Any CPU = Release|Any CPU
	EndGlobalSection
	GlobalSection(ProjectConfigurationPlatforms) = postSolution
		{43A7ABD6-39FB-404D-81E3-39EB277EE9D4}.Debug|Any CPU.ActiveCfg = Debug|Any CPU
		{43A7ABD6-39FB-404D-81E3-39EB277EE9D4}.Debug|Any CPU.Build.0 = Debug|Any CPU
		{43A7ABD6-39FB-404D-81E3-39EB277EE9D4}.Release|Any CPU.ActiveCfg = Release|Any CPU
		{43A7ABD6-39FB-404D-81E3-39EB277EE9D4}.Release|Any CPU.Build.0 = Release|Any CPU
		{E76001ED-2C8B-433E-953E-EBD81EDFA9AF}.Debug|Any CPU.ActiveCfg = Debug|Any CPU
		{E76001ED-2C8B-433E-953E-EBD81EDFA9AF}.Debug|Any CPU.Build.0 = Debug|Any CPU
		{E76001ED-2C8B-433E-953E-EBD81EDFA9AF}.Release|Any CPU.ActiveCfg = Release|Any CPU
		{E76001ED-2C8B-433E-953E-EBD81EDFA9AF}.Release|Any CPU.Build.0 = Release|Any CPU
		{4088546A-26D3-4CFA-9BA7-DEEC73390531}.Debug|Any CPU.ActiveCfg = Debug|Any CPU
		{4088546A-26D3-4CFA-9BA7-DEEC73390531}.Debug|Any CPU.Build.0 = Debug|Any CPU
		{4088546A-26D3-4CFA-9BA7-DEEC73390531}.Release|Any CPU.ActiveCfg = Release|Any CPU
		{4088546A-26D3-4CFA-9BA7-DEEC73390531}.Release|Any CPU.Build.0 = Release|Any CPU
		{13A42063-2201-4123-9BA2-C861E31A2432}.Debug|Any CPU.ActiveCfg = Debug|Any CPU
		{13A42063-2201-4123-9BA2-C861E31A2432}.Debug|Any CPU.Build.0 = Debug|Any CPU
		{13A42063-2201-4123-9BA2-C861E31A2432}.Release|Any CPU.ActiveCfg = Release|Any CPU
		{13A42063-2201-4123-9BA2-C861E31A2432}.Release|Any CPU.Build.0 = Release|Any CPU
	EndGlobalSection
	GlobalSection(SolutionProperties) = preSolution
		HideSolutionNode = FALSE
	EndGlobalSection
	GlobalSection(ExtensibilityGlobals) = postSolution
		SolutionGuid = {97A7AF82-A1C6-41C9-B6E4-F51D8C9896D8}
	EndGlobalSection
EndGlobal
